
Microsoft Visual Studio Solution File, Format Version 12.00
# Visual Studio Version 16
VisualStudioVersion = 16.0.30002.166
MinimumVisualStudioVersion = 10.0.40219.1
Project("{FAE04EC0-301F-11D3-BF4B-00C04F79EFBC}") = "OnlineBookStore", "OnlineBookStore\OnlineBookStore.csproj", "{FA514C8B-766B-4D35-B915-943381B56457}"
EndProject
Global
	GlobalSection(SolutionConfigurationPlatforms) = preSolution
		Debug|Any CPU = Debug|Any CPU
		Release|Any CPU = Release|Any CPU
	EndGlobalSection
	GlobalSection(ProjectConfigurationPlatforms) = postSolution
		{FA514C8B-766B-4D35-B915-943381B56457}.Debug|Any CPU.ActiveCfg = Debug|Any CPU
		{FA514C8B-766B-4D35-B915-943381B56457}.Debug|Any CPU.Build.0 = Debug|Any CPU
		{FA514C8B-766B-4D35-B915-943381B56457}.Release|Any CPU.ActiveCfg = Release|Any CPU
		{FA514C8B-766B-4D35-B915-943381B56457}.Release|Any CPU.Build.0 = Release|Any CPU
	EndGlobalSection
	GlobalSection(SolutionProperties) = preSolution
		HideSolutionNode = FALSE
	EndGlobalSection
	GlobalSection(ExtensibilityGlobals) = postSolution
		SolutionGuid = {8D4E1394-6AC7-4DEB-820E-B58C51BDECCA}
	EndGlobalSection
EndGlobal
